# This file is automatically @generated by Cargo.
# It is not intended for manual editing.
version = 4

[[package]]
name = "rut-ast"
version = "0.1.0"
dependencies = [
 "rut-lexer",
]

[[package]]
name = "rut-cli"
version = "0.1.0"
dependencies = [
 "rut-core",
 "rut-driver",
 "rut-lexer",
 "rut-parser",
 "rut-vm",
]

[[package]]
name = "rut-core"
version = "0.1.0"

[[package]]
name = "rut-driver"
version = "0.1.0"
dependencies = [
 "rut-ast",
 "rut-core",
 "rut-lexer",
 "rut-lir",
 "rut-parser",
]

[[package]]
name = "rut-lexer"
version = "0.1.0"

[[package]]
name = "rut-lir"
version = "0.1.0"
dependencies = [
 "rut-ast",
 "rut-core",
 "rut-lexer",
]

[[package]]
name = "rut-parser"
version = "0.1.0"
dependencies = [
 "rut-ast",
 "rut-lexer",
]

[[package]]
name = "rut-vm"
version = "0.1.0"
dependencies = [
 "rut-core",
]

[[package]]
name = "rut-wasm"
version = "0.1.0"
dependencies = [
 "rut-core",
 "rut-driver",
 "rut-parser",
 "rut-vm",
]
