{
  "name": "rut-demo",
  "version": "0.1.0",
  "lockfileVersion": 3,
  "requires": true,
  "packages": {
    "": {
      "name": "rut-demo",
      "version": "0.1.0",
      "dependencies": {
        "react": "^18.3.1",
        "react-dom": "^18.3.1"
      },
      "devDependencies": {
        "@rspack/cli": "^2.1.10",
        "@rspack/core": "^2.1.10",
        "@rspack/dev-server": "^2.2.1",
        "@rspack/plugin-react-refresh": "^2.0.2",
        "@types/react": "^18.3.0",
        "@types/react-dom": "^18.3.0",
        "typescript": "^5.5.0"
      }
    },
    "node_modules/@emnapi/core": {
      "version": "1.11.3",
      "resolved": "https://registry.npmjs.org/@emnapi/core/-/core-1.11.3.tgz",
      "integrity": "sha512-zLpS5asjEb7lq8jYLq37N6XKaE41DIexlY1rF/z4/tIl3wo13Sqm28fRyfIsKZD+NZ8mM5RoKkpW/rBcuoSZSg==",
      "dev": true,
      "license": "MIT",
      "optional": true,
      "dependencies": {
        "@emnapi/wasi-threads": "1.2.3",
        "tslib": "^2.4.0"
      }
    },
    "node_modules/@emnapi/runtime": {
      "version": "1.11.3",
      "resolved": "https://registry.npmjs.org/@emnapi/runtime/-/runtime-1.11.3.tgz",
      "integrity": "sha512-Xz4Tpyki7XyrpbUK1jR1AhdAdaXyhhY4lZ3neLodmhpuWfy2PAQN5B46sAiU4liOXGLkHypn/qU+jvfWSCYYLA==",
      "dev": true,
      "license": "MIT",
      "optional": true,
      "dependencies": {
        "tslib": "^2.4.0"
      }
    },
    "node_modules/@emnapi/wasi-threads": {
      "version": "1.2.3",
      "resolved": "https://registry.npmjs.org/@emnapi/wasi-threads/-/wasi-threads-1.2.3.tgz",
      "integrity": "sha512-ELEBe8PsLvvJ6QMr0zLt8ffvOHW/dc1m3CEzNMg7aJUv3bMaoDtw2TXyDAwkYBuroxxuHEwhRTLJSe5sya547g==",
      "dev": true,
      "license": "MIT",
      "optional": true,
      "dependencies": {
        "tslib": "^2.4.0"
      }
    },
    "node_modules/@napi-rs/wasm-runtime": {
      "version": "1.1.6",
      "resolved": "https://registry.npmjs.org/@napi-rs/wasm-runtime/-/wasm-runtime-1.1.6.tgz",
      "integrity": "sha512-ZLv/JdUfkvOy9eCnnBaGfiO+XimbjebAeO+MRQqD/B+FR1tnRN0tpKSJHRbE8sFfS6aqsXZ67TQjfwfsxULVbg==",
      "dev": true,
      "license": "MIT",
      "optional": true,
      "dependencies": {
        "@tybys/wasm-util": "^0.10.3"
      },
      "funding": {
        "type": "github",
        "url": "https://github.com/sponsors/Brooooooklyn"
      },
      "peerDependencies": {
        "@emnapi/core": "^1.7.1",
        "@emnapi/runtime": "^1.7.1"
      }
    },
    "node_modules/@rspack/binding": {
      "version": "2.1.10",
      "resolved": "https://registry.npmjs.org/@rspack/binding/-/binding-2.1.10.tgz",
      "integrity": "sha512-vnu/UP5HnrND15lO9+VeG6eUrbTyycHNQNQ3XEiRiFojuoiGZkIZC3Hbzr8qQH44C6vScPODEPvvIVvLcO2LpQ==",
      "dev": true,
      "license": "MIT",
      "optionalDependencies": {
        "@rspack/binding-darwin-arm64": "2.1.10",
        "@rspack/binding-darwin-x64": "2.1.10",
        "@rspack/binding-linux-arm64-gnu": "2.1.10",
        "@rspack/binding-linux-arm64-musl": "2.1.10",
        "@rspack/binding-linux-ppc64-gnu": "2.1.10",
        "@rspack/binding-linux-riscv64-gnu": "2.1.10",
        "@rspack/binding-linux-riscv64-musl": "2.1.10",
        "@rspack/binding-linux-s390x-gnu": "2.1.10",
        "@rspack/binding-linux-x64-gnu": "2.1.10",
        "@rspack/binding-linux-x64-musl": "2.1.10",
        "@rspack/binding-wasm32-wasi": "2.1.10",
        "@rspack/binding-win32-arm64-msvc": "2.1.10",
        "@rspack/binding-win32-ia32-msvc": "2.1.10",
        "@rspack/binding-win32-x64-msvc": "2.1.10"
      }
    },
    "node_modules/@rspack/binding-darwin-arm64": {
      "version": "2.1.10",
      "resolved": "https://registry.npmjs.org/@rspack/binding-darwin-arm64/-/binding-darwin-arm64-2.1.10.tgz",
      "integrity": "sha512-DZlcTpbIb2mjeS1aSG4k01UH33Zj7T+k8ZylPK6HmsKs4JvK4wgpWFC78WVv3p/Aj3MZS6DwtDLwpZ2Ihj/fpg==",
      "cpu": [
        "arm64"
      ],
      "dev": true,
      "license": "MIT",
      "optional": true,
      "os": [
        "darwin"
      ]
    },
    "node_modules/@rspack/binding-darwin-x64": {
      "version": "2.1.10",
      "resolved": "https://registry.npmjs.org/@rspack/binding-darwin-x64/-/binding-darwin-x64-2.1.10.tgz",
      "integrity": "sha512-my/0h2LwxCRT6cg3oDDC2e0ZOxQLVajAdIcv0fqnQk5JRNvVuL89PuTutitnSqie1A0/JSL8OQz5XHwmoS3kow==",
      "cpu": [
        "x64"
      ],
      "dev": true,
      "license": "MIT",
      "optional": true,
      "os": [
        "darwin"
      ]
    },
    "node_modules/@rspack/binding-linux-arm64-gnu": {
      "version": "2.1.10",
      "resolved": "https://registry.npmjs.org/@rspack/binding-linux-arm64-gnu/-/binding-linux-arm64-gnu-2.1.10.tgz",
      "integrity": "sha512-laevn9g+E5PAUEGqiKe6Ju5KApsuQYp+bPI17XS3Lkl8eqL5pS/BmHYU7QMlst4GzV8+wlruVTMh//+st6Vqzg==",
      "cpu": [
        "arm64"
      ],
      "dev": true,
      "libc": [
        "glibc"
      ],
      "license": "MIT",
      "optional": true,
      "os": [
        "linux"
      ]
    },
    "node_modules/@rspack/binding-linux-arm64-musl": {
      "version": "2.1.10",
      "resolved": "https://registry.npmjs.org/@rspack/binding-linux-arm64-musl/-/binding-linux-arm64-musl-2.1.10.tgz",
      "integrity": "sha512-V71+Qz5G72+ROZXrJn5zxOszdG1AEbO8pcC/itXXtf4yRR6a3bVHKNKGhipBNxb8eI6cnD/01FH1h3ZG655jLw==",
      "cpu": [
        "arm64"
      ],
      "dev": true,
      "libc": [
        "musl"
      ],
      "license": "MIT",
      "optional": true,
      "os": [
        "linux"
      ]
    },
    "node_modules/@rspack/binding-linux-ppc64-gnu": {
      "version": "2.1.10",
      "resolved": "https://registry.npmjs.org/@rspack/binding-linux-ppc64-gnu/-/binding-linux-ppc64-gnu-2.1.10.tgz",
      "integrity": "sha512-U7HlNzHcDtZ+LYOtOJmtx67kHEybZzUUAaP7aEXjGYO5WTCgh/176sW2UYP0rmZLrgUNFUuzn+B98RLaClNaVg==",
      "cpu": [
        "ppc64"
      ],
      "dev": true,
      "libc": [
        "glibc"
      ],
      "license": "MIT",
      "optional": true,
      "os": [
        "linux"
      ]
    },
    "node_modules/@rspack/binding-linux-riscv64-gnu": {
      "version": "2.1.10",
      "resolved": "https://registry.npmjs.org/@rspack/binding-linux-riscv64-gnu/-/binding-linux-riscv64-gnu-2.1.10.tgz",
      "integrity": "sha512-GMGTJpy9/ecE+5F5IfxZH4bXv0Wx/b2TiehTlCbTksbL+pKpLHYy0rwGdjWDKbmBkhxMMqPiC7PDnn9LbdnnLA==",
      "cpu": [
        "riscv64"
      ],
      "dev": true,
      "libc": [
        "glibc"
      ],
      "license": "MIT",
      "optional": true,
      "os": [
        "linux"
      ]
    },
    "node_modules/@rspack/binding-linux-riscv64-musl": {
      "version": "2.1.10",
      "resolved": "https://registry.npmjs.org/@rspack/binding-linux-riscv64-musl/-/binding-linux-riscv64-musl-2.1.10.tgz",
      "integrity": "sha512-rkurnAWc04vIbzG1QCrPBWSJadZvaOt1mazFH3EdiJO8VUiu0I1T9zdiwuDOPrd50lOKIZlcTXbd5aaAkWEnvQ==",
      "cpu": [
        "riscv64"
      ],
      "dev": true,
      "libc": [
        "musl"
      ],
      "license": "MIT",
      "optional": true,
      "os": [
        "linux"
      ]
    },
    "node_modules/@rspack/binding-linux-s390x-gnu": {
      "version": "2.1.10",
      "resolved": "https://registry.npmjs.org/@rspack/binding-linux-s390x-gnu/-/binding-linux-s390x-gnu-2.1.10.tgz",
      "integrity": "sha512-X+DyxkriZEAF/wihI7ERDv+CAS0mbMv36aEuQ+vXzTlvS6cSmpou/r29AHbvIF3NlG1UeAbDVlOs9QrMBZjpUQ==",
      "cpu": [
        "s390x"
      ],
      "dev": true,
      "libc": [
        "glibc"
      ],
      "license": "MIT",
      "optional": true,
      "os": [
        "linux"
      ]
    },
    "node_modules/@rspack/binding-linux-x64-gnu": {
      "version": "2.1.10",
      "resolved": "https://registry.npmjs.org/@rspack/binding-linux-x64-gnu/-/binding-linux-x64-gnu-2.1.10.tgz",
      "integrity": "sha512-Fat09V6jUuyo9qG7Wyj9cQ31VDfLmokXyBtGqKxY5OvSWHereB7QUub5btbPXHwbp6Iq4aAQyUbbLTzvR1YaBw==",
      "cpu": [
        "x64"
      ],
      "dev": true,
      "libc": [
        "glibc"
      ],
      "license": "MIT",
      "optional": true,
      "os": [
        "linux"
      ]
    },
    "node_modules/@rspack/binding-linux-x64-musl": {
      "version": "2.1.10",
      "resolved": "https://registry.npmjs.org/@rspack/binding-linux-x64-musl/-/binding-linux-x64-musl-2.1.10.tgz",
      "integrity": "sha512-lhHOnIJ4ClpIlA1f1L8aoxEZivYLjnjq5A6jKKz7BKsm+cHK8kqqEm6lO5KqA5xQT0Lonq1o28bmKHEj6JHInw==",
      "cpu": [
        "x64"
      ],
      "dev": true,
      "libc": [
        "musl"
      ],
      "license": "MIT",
      "optional": true,
      "os": [
        "linux"
      ]
    },
    "node_modules/@rspack/binding-wasm32-wasi": {
      "version": "2.1.10",
      "resolved": "https://registry.npmjs.org/@rspack/binding-wasm32-wasi/-/binding-wasm32-wasi-2.1.10.tgz",
      "integrity": "sha512-KY5YbWbuvYcoaLXnV+vzZOvGRCeb6jt4EpVpKdph1h1IJjwX/ju15EQ+GOe3iecZEdf0OttQcNVcwBkLkFT9ag==",
      "cpu": [
        "wasm32"
      ],
      "dev": true,
      "license": "MIT",
      "optional": true,
      "dependencies": {
        "@emnapi/core": "1.11.3",
        "@emnapi/runtime": "1.11.3",
        "@napi-rs/wasm-runtime": "1.1.6"
      }
    },
    "node_modules/@rspack/binding-win32-arm64-msvc": {
      "version": "2.1.10",
      "resolved": "https://registry.npmjs.org/@rspack/binding-win32-arm64-msvc/-/binding-win32-arm64-msvc-2.1.10.tgz",
      "integrity": "sha512-z4GWzMLofaDGpAt9Z+MlN88LlUBDm+zM6R2GdOOPM6/4g/h3/+47OP7casmSL3AwTGYBEJqogwt08sRSosB6Cg==",
      "cpu": [
        "arm64"
      ],
      "dev": true,
      "license": "MIT",
      "optional": true,
      "os": [
        "win32"
      ]
    },
    "node_modules/@rspack/binding-win32-ia32-msvc": {
      "version": "2.1.10",
      "resolved": "https://registry.npmjs.org/@rspack/binding-win32-ia32-msvc/-/binding-win32-ia32-msvc-2.1.10.tgz",
      "integrity": "sha512-7qcWdsZ+GuGtzKjqgy7wTN7Dso/ezIY8yhx1r2yIbcczdmXj4FhaEampMDp/25HwtKwIGBBoh6HHSt3JWxpTUg==",
      "cpu": [
        "ia32"
      ],
      "dev": true,
      "license": "MIT",
      "optional": true,
      "os": [
        "win32"
      ]
    },
    "node_modules/@rspack/binding-win32-x64-msvc": {
      "version": "2.1.10",
      "resolved": "https://registry.npmjs.org/@rspack/binding-win32-x64-msvc/-/binding-win32-x64-msvc-2.1.10.tgz",
      "integrity": "sha512-pgp23pLrzfhGnKycxzr7ifP17lAbWZEfnx1bX8gXtYrnpJ66DRNyTKSzxB6sa/HBWjS1L8PX5TjMZ44WfPydqQ==",
      "cpu": [
        "x64"
      ],
      "dev": true,
      "license": "MIT",
      "optional": true,
      "os": [
        "win32"
      ]
    },
    "node_modules/@rspack/cli": {
      "version": "2.1.10",
      "resolved": "https://registry.npmjs.org/@rspack/cli/-/cli-2.1.10.tgz",
      "integrity": "sha512-qkuQQ3PzD2sTS2tBAWyWNeOeZmPxRBzB+eNDBhCZmbm8DoMPujW2VQj0k9CulrkBq9sBxU8fQ+5Z/ELzbz5S8g==",
      "dev": true,
      "license": "MIT",
      "bin": {
        "rspack": "bin/rspack.js"
      },
      "peerDependencies": {
        "@rspack/core": "^2.0.0-0",
        "@rspack/dev-server": "^2.0.0-0"
      },
      "peerDependenciesMeta": {
        "@rspack/dev-server": {
          "optional": true
        }
      }
    },
    "node_modules/@rspack/core": {
      "version": "2.1.10",
      "resolved": "https://registry.npmjs.org/@rspack/core/-/core-2.1.10.tgz",
      "integrity": "sha512-YSS2/Xxz8uiG/KXDkqOoA3dTetNo/vysk7bAexQOrU8iuq7JuzDTTAwLKvWZnwmvME8M8m5wcM4YvfIwYmidHA==",
      "dev": true,
      "license": "MIT",
      "dependencies": {
        "@rspack/binding": "2.1.10"
      },
      "engines": {
        "node": "^20.19.0 || >=22.12.0"
      },
      "peerDependencies": {
        "@module-federation/runtime-tools": "^0.24.1 || ^2.0.0",
        "@swc/helpers": "^0.5.23"
      },
      "peerDependenciesMeta": {
        "@module-federation/runtime-tools": {
          "optional": true
        },
        "@swc/helpers": {
          "optional": true
        }
      }
    },
    "node_modules/@rspack/dev-middleware": {
      "version": "2.0.3",
      "resolved": "https://registry.npmjs.org/@rspack/dev-middleware/-/dev-middleware-2.0.3.tgz",
      "integrity": "sha512-GxnGj9jy76G3eCPyZei81fwKLAMLZaPEEqFz1/QDYquhwi/qYZX5fekFJ1XVpuwxGEK9KSX3hxZylfwrs4cmLA==",
      "dev": true,
      "license": "MIT",
      "engines": {
        "node": "^20.19.0 || >=22.12.0"
      },
      "peerDependencies": {
        "@rspack/core": "^2.0.0"
      },
      "peerDependenciesMeta": {
        "@rspack/core": {
          "optional": true
        }
      }
    },
    "node_modules/@rspack/dev-server": {
      "version": "2.2.1",
      "resolved": "https://registry.npmjs.org/@rspack/dev-server/-/dev-server-2.2.1.tgz",
      "integrity": "sha512-Il8HbYGK3rH5rM0XmUOsOGZVw69BKRpBZ61P28Fy8ry35CtfniDBWtbo/rvJtIT/sK0qwijmNrhF498ltsV+uA==",
      "dev": true,
      "license": "MIT",
      "dependencies": {
        "@rspack/dev-middleware": "^2.0.3"
      },
      "engines": {
        "node": "^20.19.0 || >=22.12.0"
      },
      "peerDependencies": {
        "@rspack/core": "^2.0.0",
        "selfsigned": "^5.0.0"
      },
      "peerDependenciesMeta": {
        "selfsigned": {
          "optional": true
        }
      }
    },
    "node_modules/@rspack/plugin-react-refresh": {
      "version": "2.0.2",
      "resolved": "https://registry.npmjs.org/@rspack/plugin-react-refresh/-/plugin-react-refresh-2.0.2.tgz",
      "integrity": "sha512-dGNZiCxQxgAUI9sah7gd8u+O7OJZRCmqtEJNDOd8xW5RqcieC86F7p5qcShyw6onH5pKf57evpr2VjGbaFGkZg==",
      "dev": true,
      "license": "MIT",
      "peerDependencies": {
        "@rspack/core": "^2.0.0",
        "react-refresh": ">=0.10.0 <1.0.0"
      },
      "peerDependenciesMeta": {
        "@rspack/core": {
          "optional": true
        }
      }
    },
    "node_modules/@tybys/wasm-util": {
      "version": "0.10.3",
      "resolved": "https://registry.npmjs.org/@tybys/wasm-util/-/wasm-util-0.10.3.tgz",
      "integrity": "sha512-F3fo1MYrRJYL3zER0OUOmkutjr1Vp23m7OsSgp7nq4SP6OqX6C/56XFIPAl5bt3zaBRjmW7SGz3u/6LwFpYcOg==",
      "dev": true,
      "license": "MIT",
      "optional": true,
      "dependencies": {
        "tslib": "^2.4.0"
      }
    },
    "node_modules/@types/prop-types": {
      "version": "15.7.15",
      "resolved": "https://registry.npmjs.org/@types/prop-types/-/prop-types-15.7.15.tgz",
      "integrity": "sha512-F6bEyamV9jKGAFBEmlQnesRPGOQqS2+Uwi0Em15xenOxHaf2hv6L8YCVn3rPdPJOiJfPiCnLIRyvwVaqMY3MIw==",
      "dev": true,
      "license": "MIT"
    },
    "node_modules/@types/react": {
      "version": "18.3.31",
      "resolved": "https://registry.npmjs.org/@types/react/-/react-18.3.31.tgz",
      "integrity": "sha512-vfEqpXTvwT91yhmwdfouStN2hSKwTvyRs8qpLfADyrq/kxDw0hZM7Wk9Ug1FELj8hIby+S/+kQCSRFF32nv2Qw==",
      "dev": true,
      "license": "MIT",
      "dependencies": {
        "@types/prop-types": "*",
        "csstype": "^3.2.2"
      }
    },
    "node_modules/@types/react-dom": {
      "version": "18.3.7",
      "resolved": "https://registry.npmjs.org/@types/react-dom/-/react-dom-18.3.7.tgz",
      "integrity": "sha512-MEe3UeoENYVFXzoXEWsvcpg6ZvlrFNlOQ7EOsvhI3CfAXwzPfO8Qwuxd40nepsYKqyyVQnTdEfv68q91yLcKrQ==",
      "dev": true,
      "license": "MIT",
      "peerDependencies": {
        "@types/react": "^18.0.0"
      }
    },
    "node_modules/csstype": {
      "version": "3.2.3",
      "resolved": "https://registry.npmjs.org/csstype/-/csstype-3.2.3.tgz",
      "integrity": "sha512-z1HGKcYy2xA8AGQfwrn0PAy+PB7X/GSj3UVJW9qKyn43xWa+gl5nXmU4qqLMRzWVLFC8KusUX8T/0kCiOYpAIQ==",
      "dev": true,
      "license": "MIT"
    },
    "node_modules/js-tokens": {
      "version": "4.0.0",
      "resolved": "https://registry.npmjs.org/js-tokens/-/js-tokens-4.0.0.tgz",
      "integrity": "sha512-RdJUflcE3cUzKiMqQgsCu06FPu9UdIJO0beYbPhHN4k6apgJtifcoCtT9bcxOpYBtpD2kCM6Sbzg4CausW/PKQ==",
      "license": "MIT"
    },
    "node_modules/loose-envify": {
      "version": "1.4.0",
      "resolved": "https://registry.npmjs.org/loose-envify/-/loose-envify-1.4.0.tgz",
      "integrity": "sha512-lyuxPGr/Wfhrlem2CL/UcnUc1zcqKAImBDzukY7Y5F/yQiNdko6+fRLevlw1HgMySw7f611UIY408EtxRSoK3Q==",
      "license": "MIT",
      "dependencies": {
        "js-tokens": "^3.0.0 || ^4.0.0"
      },
      "bin": {
        "loose-envify": "cli.js"
      }
    },
    "node_modules/react": {
      "version": "18.3.1",
      "resolved": "https://registry.npmjs.org/react/-/react-18.3.1.tgz",
      "integrity": "sha512-wS+hAgJShR0KhEvPJArfuPVN1+Hz1t0Y6n5jLrGQbkb4urgPE/0Rve+1kMB1v/oWgHgm4WIcV+i7F2pTVj+2iQ==",
      "license": "MIT",
      "dependencies": {
        "loose-envify": "^1.1.0"
      },
      "engines": {
        "node": ">=0.10.0"
      }
    },
    "node_modules/react-dom": {
      "version": "18.3.1",
      "resolved": "https://registry.npmjs.org/react-dom/-/react-dom-18.3.1.tgz",
      "integrity": "sha512-5m4nQKp+rZRb09LNH59GM4BxTh9251/ylbKIbpe7TpGxfJ+9kv6BLkLBXIjjspbgbnIBNqlI23tRnTWT0snUIw==",
      "license": "MIT",
      "dependencies": {
        "loose-envify": "^1.1.0",
        "scheduler": "^0.23.2"
      },
      "peerDependencies": {
        "react": "^18.3.1"
      }
    },
    "node_modules/react-refresh": {
      "version": "0.18.0",
      "resolved": "https://registry.npmjs.org/react-refresh/-/react-refresh-0.18.0.tgz",
      "integrity": "sha512-QgT5//D3jfjJb6Gsjxv0Slpj23ip+HtOpnNgnb2S5zU3CB26G/IDPGoy4RJB42wzFE46DRsstbW6tKHoKbhAxw==",
      "dev": true,
      "license": "MIT",
      "peer": true,
      "engines": {
        "node": ">=0.10.0"
      }
    },
    "node_modules/scheduler": {
      "version": "0.23.2",
      "resolved": "https://registry.npmjs.org/scheduler/-/scheduler-0.23.2.tgz",
      "integrity": "sha512-UOShsPwz7NrMUqhR6t0hWjFduvOzbtv7toDH1/hIrfRNIDBnnBWd0CwJTGvTpngVlmwGCdP9/Zl/tVrDqcuYzQ==",
      "license": "MIT",
      "dependencies": {
        "loose-envify": "^1.1.0"
      }
    },
    "node_modules/tslib": {
      "version": "2.8.1",
      "resolved": "https://registry.npmjs.org/tslib/-/tslib-2.8.1.tgz",
      "integrity": "sha512-oJFu94HQb+KVduSUQL7wnpmqnfmLsOA/nAh6b6EH0wCEoK0/mPeXU6c3wKDV83MkOuHPRHtSXKKU99IBazS/2w==",
      "dev": true,
      "license": "0BSD",
      "optional": true
    },
    "node_modules/typescript": {
      "version": "5.9.3",
      "resolved": "https://registry.npmjs.org/typescript/-/typescript-5.9.3.tgz",
      "integrity": "sha512-jl1vZzPDinLr9eUt3J/t7V6FgNEw9QjvBPdysz9KfQDD41fQrC2Y4vKQdiaUpFT4bXlb1RHhLpp8wtm6M5TgSw==",
      "dev": true,
      "license": "Apache-2.0",
      "bin": {
        "tsc": "bin/tsc",
        "tsserver": "bin/tsserver"
      },
      "engines": {
        "node": ">=14.17"
      }
    }
  }
}
